
Microsoft Visual Studio Solution File, Format Version 12.00
# Visual Studio Version 16
VisualStudioVersion = 16.0.30523.141
MinimumVisualStudioVersion = 10.0.40219.1
Project("{FAE04EC0-301F-11D3-BF4B-00C04F79EFBC}") = "Lab_4.2", "Lab_4.2.csproj", "{1E4357D0-B3F4-4B2A-8C85-9FF9CF629C0E}"
EndProject
Global
	GlobalSection(SolutionConfigurationPlatforms) = preSolution
		Debug|Any CPU = Debug|Any CPU
		Release|Any CPU = Release|Any CPU
	EndGlobalSection
	GlobalSection(ProjectConfigurationPlatforms) = postSolution
		{1E4357D0-B3F4-4B2A-8C85-9FF9CF629C0E}.Debug|Any CPU.ActiveCfg = Debug|Any CPU
		{1E4357D0-B3F4-4B2A-8C85-9FF9CF629C0E}.Debug|Any CPU.Build.0 = Debug|Any CPU
		{1E4357D0-B3F4-4B2A-8C85-9FF9CF629C0E}.Release|Any CPU.ActiveCfg = Release|Any CPU
		{1E4357D0-B3F4-4B2A-8C85-9FF9CF629C0E}.Release|Any CPU.Build.0 = Release|Any CPU
	EndGlobalSection
	GlobalSection(SolutionProperties) = preSolution
		HideSolutionNode = FALSE
	EndGlobalSection
	GlobalSection(ExtensibilityGlobals) = postSolution
		SolutionGuid = {B7DAFB53-F457-48EB-B831-F6494F55B2D9}
	EndGlobalSection
EndGlobal
